
Microsoft Visual Studio Solution File, Format Version 12.00
# Visual Studio Version 16
VisualStudioVersion = 16.0.29519.181
MinimumVisualStudioVersion = 10.0.40219.1
Project("{9A19103F-16F7-4668-BE54-9A1E7A4F7556}") = "FriendZone.DAO", "FriendZoneRepository\FriendZone.DAO.csproj", "{BCB08FB8-8A82-446F-B439-073B45308760}"
EndProject
Project("{9A19103F-16F7-4668-BE54-9A1E7A4F7556}") = "FriendZone.Service", "FriendZoneService\FriendZone.Service.csproj", "{3BD58591-23B7-4832-BD2E-3E55F87E28FF}"
EndProject
Project("{9A19103F-16F7-4668-BE54-9A1E7A4F7556}") = "FriendZone.Entities", "FriendZone.Entities\FriendZone.Entities.csproj", "{365BE745-C915-4DBC-A2BD-567732C5DD40}"
EndProject
Project("{FAE04EC0-301F-11D3-BF4B-00C04F79EFBC}") = "test", "test\test.csproj", "{225EB03A-D60A-4B07-A1B0-4412DEADB50E}"
EndProject
Global
	GlobalSection(SolutionConfigurationPlatforms) = preSolution
		Debug|Any CPU = Debug|Any CPU
		Release|Any CPU = Release|Any CPU
	EndGlobalSection
	GlobalSection(ProjectConfigurationPlatforms) = postSolution
		{363193A3-698A-46C7-ABDD-A2DD6188524F}.Debug|Any CPU.ActiveCfg = Debug|Any CPU
		{363193A3-698A-46C7-ABDD-A2DD6188524F}.Debug|Any CPU.Build.0 = Debug|Any CPU
		{363193A3-698A-46C7-ABDD-A2DD6188524F}.Release|Any CPU.ActiveCfg = Release|Any CPU
		{363193A3-698A-46C7-ABDD-A2DD6188524F}.Release|Any CPU.Build.0 = Release|Any CPU
		{BCB08FB8-8A82-446F-B439-073B45308760}.Debug|Any CPU.ActiveCfg = Debug|Any CPU
		{BCB08FB8-8A82-446F-B439-073B45308760}.Debug|Any CPU.Build.0 = Debug|Any CPU
		{BCB08FB8-8A82-446F-B439-073B45308760}.Release|Any CPU.ActiveCfg = Release|Any CPU
		{BCB08FB8-8A82-446F-B439-073B45308760}.Release|Any CPU.Build.0 = Release|Any CPU
		{3BD58591-23B7-4832-BD2E-3E55F87E28FF}.Debug|Any CPU.ActiveCfg = Debug|Any CPU
		{3BD58591-23B7-4832-BD2E-3E55F87E28FF}.Debug|Any CPU.Build.0 = Debug|Any CPU
		{3BD58591-23B7-4832-BD2E-3E55F87E28FF}.Release|Any CPU.ActiveCfg = Release|Any CPU
		{3BD58591-23B7-4832-BD2E-3E55F87E28FF}.Release|Any CPU.Build.0 = Release|Any CPU
		{365BE745-C915-4DBC-A2BD-567732C5DD40}.Debug|Any CPU.ActiveCfg = Debug|Any CPU
		{365BE745-C915-4DBC-A2BD-567732C5DD40}.Debug|Any CPU.Build.0 = Debug|Any CPU
		{365BE745-C915-4DBC-A2BD-567732C5DD40}.Release|Any CPU.ActiveCfg = Release|Any CPU
		{365BE745-C915-4DBC-A2BD-567732C5DD40}.Release|Any CPU.Build.0 = Release|Any CPU
		{225EB03A-D60A-4B07-A1B0-4412DEADB50E}.Debug|Any CPU.ActiveCfg = Debug|Any CPU
		{225EB03A-D60A-4B07-A1B0-4412DEADB50E}.Debug|Any CPU.Build.0 = Debug|Any CPU
		{225EB03A-D60A-4B07-A1B0-4412DEADB50E}.Release|Any CPU.ActiveCfg = Release|Any CPU
		{225EB03A-D60A-4B07-A1B0-4412DEADB50E}.Release|Any CPU.Build.0 = Release|Any CPU
	EndGlobalSection
	GlobalSection(SolutionProperties) = preSolution
		HideSolutionNode = FALSE
	EndGlobalSection
	GlobalSection(ExtensibilityGlobals) = postSolution
		SolutionGuid = {7B24F0B6-5F13-43A8-946E-3865E6289D11}
	EndGlobalSection
EndGlobal
